<?xml version="1.0" encoding="utf-8"?>
<Project ToolsVersion="4.0" xmlns="http://schemas.microsoft.com/developer/msbuild/2003">
  <ItemGroup>
    <Filter Include="Source Files">
      <UniqueIdentifier>{4FC737F1-C7A5-4376-A066-2A32D752A2FF}</UniqueIdentifier>
      <Extensions>cpp;c;cc;cxx;def;odl;idl;hpj;bat;asm;asmx</Extensions>
    </Filter>
    <Filter Include="Header Files">
      <UniqueIdentifier>{93995380-89BD-4b04-88EB-625FBE52EBFB}</UniqueIdentifier>
      <Extensions>h;hh;hpp;hxx;hm;inl;inc;xsd</Extensions>
    </Filter>
    <Filter Include="Resource Files">
      <UniqueIdentifier>{67DA6AB6-F800-4c08-8B7A-83BB121AAD01}</UniqueIdentifier>
      <Extensions>rc;ico;cur;bmp;dlg;rc2;rct;bin;rgs;gif;jpg;jpeg;jpe;resx;tiff;tif;png;wav;mfcribbon-ms</Extensions>
    </Filter>
    <Filter Include="ImageFilters">
      <UniqueIdentifier>{7db5f1d8-3aaf-4dd8-b835-41a26d365295}</UniqueIdentifier>
    </Filter>
    <Filter Include="ImageFilters\Header Files">
      <UniqueIdentifier>{e98e7d9c-63f3-4d60-b68d-efc36ada0c9b}</UniqueIdentifier>
    </Filter>
    <Filter Include="ImageFilters\Source Files">
      <UniqueIdentifier>{e310d588-0d6f-408c-80b4-9226c698f3c8}</UniqueIdentifier>
    </Filter>
    <Filter Include="Dataset">
      <UniqueIdentifier>{24ef478f-6398-43b7-a615-bbae5b44eaef}</UniqueIdentifier>
    </Filter>
    <Filter Include="Dataset\Header Files">
      <UniqueIdentifier>{f8093995-6ce9-4679-bf79-13c47fe62675}</UniqueIdentifier>
    </Filter>
    <Filter Include="Dataset\Source Files">
      <UniqueIdentifier>{c54d6fc8-0c11-4314-9d27-33f34aa83288}</UniqueIdentifier>
    </Filter>
    <Filter Include="Salience Mask">
      <UniqueIdentifier>{c22413f5-2b80-4832-b34d-357b0b940376}</UniqueIdentifier>
    </Filter>
    <Filter Include="Salience Mask\Source Files">
      <UniqueIdentifier>{1fd3e280-1104-4853-aa8a-138914d3fea0}</UniqueIdentifier>
    </Filter>
    <Filter Include="Salience Mask\Header Files">
      <UniqueIdentifier>{4b0691bd-0f92-462c-b299-5d146768cb17}</UniqueIdentifier>
    </Filter>
    <Filter Include="Place Recognition">
      <UniqueIdentifier>{f3282e92-2781-4917-8a89-72c933e6cf41}</UniqueIdentifier>
    </Filter>
    <Filter Include="Place Recognition\Header Files">
      <UniqueIdentifier>{96de4e89-20e4-4a00-a760-0e6f3ebad900}</UniqueIdentifier>
    </Filter>
    <Filter Include="Place Recognition\Source Files">
      <UniqueIdentifier>{3d78019e-bd33-405c-b966-34e92030ec37}</UniqueIdentifier>
    </Filter>
    <Filter Include="Dataset\Loader">
      <UniqueIdentifier>{797e812d-f4e4-4532-b5f7-88aeef6a6fc6}</UniqueIdentifier>
    </Filter>
    <Filter Include="Dataset\Loader\Header Files">
      <UniqueIdentifier>{4c097b56-349c-4fdf-b9ba-98262f631bed}</UniqueIdentifier>
    </Filter>
    <Filter Include="Dataset\Loader\Source Files">
      <UniqueIdentifier>{68cda1b8-0c50-4420-91e0-c0c763440d44}</UniqueIdentifier>
    </Filter>
    <Filter Include="Ground Truth">
      <UniqueIdentifier>{42800fcc-9edd-443f-9f76-18dd429dd95f}</UniqueIdentifier>
    </Filter>
    <Filter Include="Ground Truth\Header Files">
      <UniqueIdentifier>{fed5a8ef-e66b-4d8c-ab8c-fb2e76da571a}</UniqueIdentifier>
    </Filter>
    <Filter Include="Ground Truth\Source Files">
      <UniqueIdentifier>{87cef0b2-6c1f-4928-8c66-2aae58996bac}</UniqueIdentifier>
    </Filter>
  </ItemGroup>
  <ItemGroup>
    <Text Include="ReadMe.txt" />
  </ItemGroup>
  <ItemGroup>
    <ClInclude Include="stdafx.h">
      <Filter>Header Files</Filter>
    </ClInclude>
    <ClInclude Include="targetver.h">
      <Filter>Header Files</Filter>
    </ClInclude>
    <ClInclude Include="DownsampleFilter.h">
      <Filter>ImageFilters\Header Files</Filter>
    </ClInclude>
    <ClInclude Include="GreyscaleFilter.h">
      <Filter>ImageFilters\Header Files</Filter>
    </ClInclude>
    <ClInclude Include="ImageFilterInterface.h">
      <Filter>ImageFilters\Header Files</Filter>
    </ClInclude>
    <ClInclude Include="CachedDataset.h">
      <Filter>Dataset\Header Files</Filter>
    </ClInclude>
    <ClInclude Include="ImageDataset.h">
      <Filter>Dataset\Header Files</Filter>
    </ClInclude>
    <ClInclude Include="ImageDatasetInterface.h">
      <Filter>Dataset\Header Files</Filter>
    </ClInclude>
    <ClInclude Include="SalienceMaskGeneratorInterface.h">
      <Filter>Salience Mask\Header Files</Filter>
    </ClInclude>
    <ClInclude Include="AverageDifferenceMaskGenerator.h">
      <Filter>Salience Mask\Header Files</Filter>
    </ClInclude>
    <ClInclude Include="PlaceRecognition.h">
      <Filter>Place Recognition\Header Files</Filter>
    </ClInclude>
    <ClInclude Include="SalienceMaskInterface.h">
      <Filter>Salience Mask\Header Files</Filter>
    </ClInclude>
    <ClInclude Include="ThresholdSalienceMask.h">
      <Filter>Salience Mask\Header Files</Filter>
    </ClInclude>
    <ClInclude Include="NullSalienceMask.h">
      <Filter>Salience Mask\Header Files</Filter>
    </ClInclude>
    <ClInclude Include="PairwiseSalienceMaskGenerator.h">
      <Filter>Salience Mask\Header Files</Filter>
    </ClInclude>
    <ClInclude Include="WeightingSalienceMask.h">
      <Filter>Salience Mask\Header Files</Filter>
    </ClInclude>
    <ClInclude Include="CompositeDataset.h">
      <Filter>Dataset\Header Files</Filter>
    </ClInclude>
    <ClInclude Include="DatasetImage.h">
      <Filter>Dataset\Header Files</Filter>
    </ClInclude>
    <ClInclude Include="ImageLoaderInterface.h">
      <Filter>Dataset\Loader\Header Files</Filter>
    </ClInclude>
    <ClInclude Include="LinearTraverseLoader.h">
      <Filter>Dataset\Loader\Header Files</Filter>
    </ClInclude>
    <ClInclude Include="SimilarityCriteria.h">
      <Filter>Ground Truth\Header Files</Filter>
    </ClInclude>
    <ClInclude Include="VPRiCELoader.h">
      <Filter>Dataset\Loader\Header Files</Filter>
    </ClInclude>
    <ClInclude Include="WeightingSalienceMaskGenerator.h">
      <Filter>Salience Mask\Header Files</Filter>
    </ClInclude>
    <ClInclude Include="LogicalSalienceMask.h">
      <Filter>Salience Mask\Header Files</Filter>
    </ClInclude>
    <ClInclude Include="ImageMatcherInterface.h">
      <Filter>Place Recognition\Header Files</Filter>
    </ClInclude>
    <ClInclude Include="SumOfAbsoluteDifferencesMatcher.h">
      <Filter>Place Recognition\Header Files</Filter>
    </ClInclude>
  </ItemGroup>
  <ItemGroup>
    <ClCompile Include="stdafx.cpp">
      <Filter>Source Files</Filter>
    </ClCompile>
    <ClCompile Include="main.cpp">
      <Filter>Source Files</Filter>
    </ClCompile>
    <ClCompile Include="DownsampleFilter.cpp">
      <Filter>ImageFilters\Source Files</Filter>
    </ClCompile>
    <ClCompile Include="GreyscaleFilter.cpp">
      <Filter>ImageFilters\Source Files</Filter>
    </ClCompile>
    <ClCompile Include="ImageFilterInterface.cpp">
      <Filter>ImageFilters\Source Files</Filter>
    </ClCompile>
    <ClCompile Include="ImageDatasetInterface.cpp">
      <Filter>Dataset\Source Files</Filter>
    </ClCompile>
    <ClCompile Include="CachedDataset.cpp">
      <Filter>Dataset\Source Files</Filter>
    </ClCompile>
    <ClCompile Include="ImageDataset.cpp">
      <Filter>Dataset\Source Files</Filter>
    </ClCompile>
    <ClCompile Include="SalienceMaskGeneratorInterface.cpp">
      <Filter>Salience Mask\Source Files</Filter>
    </ClCompile>
    <ClCompile Include="AverageDifferenceMaskGenerator.cpp">
      <Filter>Salience Mask\Source Files</Filter>
    </ClCompile>
    <ClCompile Include="PlaceRecognition.cpp">
      <Filter>Place Recognition\Source Files</Filter>
    </ClCompile>
    <ClCompile Include="SalienceMaskInterface.cpp">
      <Filter>Salience Mask\Source Files</Filter>
    </ClCompile>
    <ClCompile Include="ThresholdSalienceMask.cpp">
      <Filter>Salience Mask\Source Files</Filter>
    </ClCompile>
    <ClCompile Include="NullSalienceMask.cpp">
      <Filter>Salience Mask\Source Files</Filter>
    </ClCompile>
    <ClCompile Include="PairwiseSalienceMaskGenerator.cpp">
      <Filter>Salience Mask\Source Files</Filter>
    </ClCompile>
    <ClCompile Include="WeightingSalienceMask.cpp">
      <Filter>Salience Mask\Source Files</Filter>
    </ClCompile>
    <ClCompile Include="CompositeDataset.cpp">
      <Filter>Dataset\Source Files</Filter>
    </ClCompile>
    <ClCompile Include="DatasetImage.cpp">
      <Filter>Dataset\Source Files</Filter>
    </ClCompile>
    <ClCompile Include="ImageLoaderInterface.cpp">
      <Filter>Dataset\Loader\Source Files</Filter>
    </ClCompile>
    <ClCompile Include="LinearTraverseLoader.cpp">
      <Filter>Dataset\Loader\Source Files</Filter>
    </ClCompile>
    <ClCompile Include="SimilarityCriteria.cpp">
      <Filter>Ground Truth\Source Files</Filter>
    </ClCompile>
    <ClCompile Include="VPRiCELoader.cpp">
      <Filter>Dataset\Loader\Source Files</Filter>
    </ClCompile>
    <ClCompile Include="WeightingSalienceMaskGenerator.cpp">
      <Filter>Salience Mask\Source Files</Filter>
    </ClCompile>
    <ClCompile Include="LogicalSalienceMask.cpp">
      <Filter>Salience Mask\Source Files</Filter>
    </ClCompile>
    <ClCompile Include="ImageMatcherInterface.cpp">
      <Filter>Place Recognition\Source Files</Filter>
    </ClCompile>
    <ClCompile Include="SumOfAbsoluteDifferencesMatcher.cpp">
      <Filter>Place Recognition\Source Files</Filter>
    </ClCompile>
  </ItemGroup>
</Project>